{"SurveyEntry":{"SurveyID":"SV_3aVCxZCQqNu4vA2","SurveyName":"Bachelor Thesis","SurveyDescription":null,"SurveyOwnerID":"UR_0ARflmHYiRF1DOS","SurveyBrandID":"psychru","DivisionID":null,"SurveyLanguage":"EN","SurveyActiveResponseSet":"RS_50CrjtxpPVhGJ38","SurveyStatus":"Active","SurveyStartDate":"0000-00-00 00:00:00","SurveyExpirationDate":"0000-00-00 00:00:00","SurveyCreationDate":"2023-10-11 10:41:02","CreatorID":"UR_0ARflmHYiRF1DOS","LastModified":"2024-01-16 17:38:36","LastAccessed":"0000-00-00 00:00:00","LastActivated":"2023-11-09 03:23:40","Deleted":null},"SurveyElements":[{"SurveyID":"SV_3aVCxZCQqNu4vA2","Element":"BL","PrimaryAttribute":"Survey Blocks","SecondaryAttribute":null,"TertiaryAttribute":null,"Payload":{"0":{"Type":"Default","Description":"Introduction","ID":"BL_eam7eHr4m4UX7Ya","BlockElements":[{"Type":"Question","QuestionID":"QID1"},{"Type":"Page Break"},{"Type":"Question","QuestionID":"QID4"}]},"1":{"Type":"Trash","Description":"Trash \/ Unused Questions","ID":"BL_bIzXCoJpkio4euW","BlockElements":[{"Type":"Question","QuestionID":"QID22"},{"Type":"Question","QuestionID":"QID30"},{"Type":"Question","QuestionID":"QID21"},{"Type":"Question","QuestionID":"QID33"},{"Type":"Question","QuestionID":"QID34"},{"Type":"Question","QuestionID":"QID28"},{"Type":"Question","QuestionID":"QID40"},{"Type":"Question","QuestionID":"QID41"}],"Options":{"BlockLocking":"false","RandomizeQuestions":"false","BlockVisibility":"Collapsed"}},"2":{"Type":"Standard","SubType":"","Description":"Demographic","ID":"BL_bIWpfTnxU9kllFs","BlockElements":[{"Type":"Question","QuestionID":"QID39"},{"Type":"Page Break"},{"Type":"Question","QuestionID":"QID6"},{"Type":"Question","QuestionID":"QID7"},{"Type":"Question","QuestionID":"QID8"},{"Type":"Question","QuestionID":"QID9"},{"Type":"Question","QuestionID":"QID10"},{"Type":"Question","QuestionID":"QID11"}]},"3":{"Type":"Standard","SubType":"","Description":"Pin","ID":"BL_40csMLyQrLTXrLg","BlockElements":[{"Type":"Question","QuestionID":"QID12"},{"Type":"Question","QuestionID":"QID38"},{"Type":"Page Break"},{"Type":"Question","QuestionID":"QID15"},{"Type":"Question","QuestionID":"QID13"},{"Type":"Page Break"},{"Type":"Question","QuestionID":"QID23"},{"Type":"Page Break"},{"Type":"Question","QuestionID":"QID36"}],"Options":{"BlockLocking":"false","RandomizeQuestions":"false","BlockVisibility":"Expanded"}},"4":{"Type":"Standard","SubType":"","Description":"Facial","ID":"BL_cSEKhmvQW5ENBga","BlockElements":[{"Type":"Question","QuestionID":"QID16"},{"Type":"Question","QuestionID":"QID35"},{"Type":"Page Break"},{"Type":"Question","QuestionID":"QID17"},{"Type":"Page Break"},{"Type":"Question","QuestionID":"QID18"},{"Type":"Page Break"}]},"7":{"Type":"Standard","SubType":"","Description":"Post questions","ID":"BL_3rq7Gvcub4rRKui","BlockElements":[{"Type":"Question","QuestionID":"QID25"},{"Type":"Page Break"},{"Type":"Question","QuestionID":"QID26"},{"Type":"Page Break"},{"Type":"Question","QuestionID":"QID27"},{"Type":"Page Break"},{"Type":"Question","QuestionID":"QID29"},{"Type":"Page Break"},{"Type":"Question","QuestionID":"QID37"}],"Options":{"BlockLocking":"false","RandomizeQuestions":"false","BlockVisibility":"Expanded"}},"8":{"Type":"Standard","SubType":"","Description":"Pin - Low transparency","ID":"BL_b2EQCNNko2A489E","BlockElements":[{"Type":"Question","QuestionID":"QID14"}]},"9":{"Type":"Standard","SubType":"","Description":"Pin - High transparency","ID":"BL_4GwUCIMhn5ElTx4","BlockElements":[{"Type":"Question","QuestionID":"QID32"}]},"10":{"Type":"Standard","SubType":"","Description":"Facial recognition - Low transparency","ID":"BL_cJd81di6rReSGXk","BlockElements":[{"Type":"Question","QuestionID":"QID31"}]},"11":{"Type":"Standard","SubType":"","Description":"Facial recognition - High transparency","ID":"BL_a9L01CJeIqYEzTU","BlockElements":[{"Type":"Question","QuestionID":"QID24"}]}}},{"SurveyID":"SV_3aVCxZCQqNu4vA2","Element":"FL","PrimaryAttribute":"Survey Flow","SecondaryAttribute":null,"TertiaryAttribute":null,"Payload":{"Type":"Root","FlowID":"FL_1","Flow":[{"Type":"Block","ID":"BL_eam7eHr4m4UX7Ya","FlowID":"FL_2","Autofill":[]},{"Type":"Branch","FlowID":"FL_12","Description":"New Branch","BranchLogic":{"0":{"0":{"LogicType":"Question","QuestionID":"QID4","QuestionIsInLoop":"no","ChoiceLocator":"q:\/\/QID4\/SelectableChoice\/3","Operator":"Selected","QuestionIDFromLocator":"QID4","LeftOperand":"q:\/\/QID4\/SelectableChoice\/3","Type":"Expression","Description":"<span class=\"ConjDesc\">If<\/span> <span class=\"QuestionDesc\">Consent form for participation in scientific research: Comparing User Interaction and Trust in Tr...<\/span> <span class=\"LeftOpDesc\">I do not want to participate in the study<\/span> <span class=\"OpDesc\">Is Selected<\/span> "},"Type":"If"},"Type":"BooleanExpression"},"Flow":[{"Type":"EndSurvey","FlowID":"FL_11"}]},{"Type":"Standard","ID":"BL_bIWpfTnxU9kllFs","FlowID":"FL_3","Autofill":[]},{"Type":"Branch","FlowID":"FL_33","Description":"New Branch","BranchLogic":{"0":{"0":{"LogicType":"Question","QuestionID":"QID39","QuestionIsInLoop":"no","ChoiceLocator":"q:\/\/QID39\/SelectableChoice\/2","Operator":"Selected","QuestionIDFromLocator":"QID39","LeftOperand":"q:\/\/QID39\/SelectableChoice\/2","Type":"Expression","Description":"<span class=\"ConjDesc\">If<\/span> <span class=\"QuestionDesc\">Does the computer you are using have a built-in webcam or external webcam connected?&amp;nbsp;This is a required question. You must have access to a webcam on the computer you are using in order to par...<\/span> <span class=\"LeftOpDesc\">No<\/span> <span class=\"OpDesc\">Is Selected<\/span> "},"Type":"If"},"Type":"BooleanExpression"},"Flow":[{"Type":"EndSurvey","FlowID":"FL_34"}]},{"Type":"BlockRandomizer","FlowID":"FL_9","SubSet":1,"EvenPresentation":true,"Flow":[{"Type":"Standard","ID":"BL_40csMLyQrLTXrLg","FlowID":"FL_4","Autofill":[]},{"Type":"Standard","ID":"BL_cSEKhmvQW5ENBga","FlowID":"FL_5","Autofill":[]}]},{"Type":"Branch","FlowID":"FL_30","Description":"New Branch","BranchLogic":{"0":{"0":{"LogicType":"Question","QuestionID":"QID35","QuestionIsInLoop":"no","ChoiceLocator":"q:\/\/QID35\/DisplayableQuestion\/1","Operator":"Displayed","QuestionIDFromLocator":"QID35","LeftOperand":"q:\/\/QID35\/QuestionDisplayed","Type":"Expression","Description":"<span class=\"ConjDesc\">If<\/span> <span class=\"QuestionDesc\">Petition for More Sustainable Campus Initiatives We, the students, staff, and faculty of Radboud...<\/span> <span class=\"LeftOpDesc\"><\/span> <span class=\"OpDesc\">Is Displayed<\/span> "},"Type":"If"},"Type":"BooleanExpression"},"Flow":[{"Type":"BlockRandomizer","FlowID":"FL_22","SubSet":1,"EvenPresentation":true,"Flow":[{"Type":"Block","ID":"BL_cJd81di6rReSGXk","FlowID":"FL_23","Autofill":[]},{"Type":"Block","ID":"BL_a9L01CJeIqYEzTU","FlowID":"FL_24","Autofill":[]}]}]},{"Type":"Branch","FlowID":"FL_31","Description":"New Branch","BranchLogic":{"0":{"0":{"LogicType":"Question","QuestionID":"QID36","QuestionIsInLoop":"no","ChoiceLocator":"q:\/\/QID36\/DisplayableQuestion\/1","Operator":"Displayed","QuestionIDFromLocator":"QID36","LeftOperand":"q:\/\/QID36\/QuestionDisplayed","Type":"Expression","Description":"<span class=\"ConjDesc\">If<\/span> <span class=\"QuestionDesc\">Advance to petition.<\/span> <span class=\"LeftOpDesc\"><\/span> <span class=\"OpDesc\">Is Displayed<\/span> "},"Type":"If"},"Type":"BooleanExpression"},"Flow":[{"Type":"BlockRandomizer","FlowID":"FL_17","SubSet":1,"EvenPresentation":true,"Flow":[{"Type":"Block","ID":"BL_b2EQCNNko2A489E","FlowID":"FL_18","Autofill":[]},{"Type":"Block","ID":"BL_4GwUCIMhn5ElTx4","FlowID":"FL_19","Autofill":[]}]}]},{"Type":"Standard","ID":"BL_3rq7Gvcub4rRKui","FlowID":"FL_8","Autofill":[]}],"Properties":{"Count":34,"RemovedFieldsets":[]}}},{"SurveyID":"SV_3aVCxZCQqNu4vA2","Element":"PL","PrimaryAttribute":"Preview Link","SecondaryAttribute":null,"TertiaryAttribute":null,"Payload":{"PreviewType":"Brand","PreviewID":"aa63b1f9-52d3-42df-8c9c-8e3c36c8bdf7"}},{"SurveyID":"SV_3aVCxZCQqNu4vA2","Element":"SO","PrimaryAttribute":"Survey Options","SecondaryAttribute":null,"TertiaryAttribute":null,"Payload":{"BackButton":"false","SaveAndContinue":"true","SurveyProtection":"PublicSurvey","BallotBoxStuffingPrevention":"false","NoIndex":"Yes","SecureResponseFiles":"true","SurveyExpiration":"None","SurveyTermination":"DefaultMessage","Header":"","Footer":"","ProgressBarDisplay":"None","PartialData":"+1 week","ValidationMessage":null,"PreviousButton":"","NextButton":"","SurveyTitle":"Qualtrics Survey | Qualtrics Experience Management","SkinLibrary":"psychru","SkinType":"MQ","Skin":"psychru1","NewScoring":1,"SurveyMetaDescription":"The most powerful, simple and trusted way to gather experience data. Start your journey to experience management and try a free account today.","EOSMessage":null,"ShowExportTags":"false","CollectGeoLocation":"false","PasswordProtection":"No","AnonymizeResponse":"No","RefererCheck":"No","UseCustomSurveyLinkCompletedMessage":null,"SurveyLinkCompletedMessage":null,"SurveyLinkCompletedMessageLibrary":null,"ResponseSummary":"No","EOSMessageLibrary":null,"EOSRedirectURL":null,"EmailThankYou":"false","ThankYouEmailMessageLibrary":null,"ThankYouEmailMessage":null,"ValidateMessage":"false","ValidationMessageLibrary":null,"InactiveSurvey":null,"PartialDeletion":null,"PartialDataCloseAfter":"LastActivity","InactiveMessageLibrary":null,"InactiveMessage":null,"AvailableLanguages":{"EN":[]},"ProtectSelectionIds":true}},{"SurveyID":"SV_3aVCxZCQqNu4vA2","Element":"SCO","PrimaryAttribute":"Scoring","SecondaryAttribute":null,"TertiaryAttribute":null,"Payload":{"ScoringCategories":[],"ScoringCategoryGroups":[],"ScoringSummaryCategory":null,"ScoringSummaryAfterQuestions":0,"ScoringSummaryAfterSurvey":0,"DefaultScoringCategory":null,"AutoScoringCategory":null}},{"SurveyID":"SV_3aVCxZCQqNu4vA2","Element":"PROJ","PrimaryAttribute":"CORE","SecondaryAttribute":null,"TertiaryAttribute":"1.1.0","Payload":{"ProjectCategory":"CORE","SchemaVersion":"1.1.0"}},{"SurveyID":"SV_3aVCxZCQqNu4vA2","Element":"STAT","PrimaryAttribute":"Survey Statistics","SecondaryAttribute":null,"TertiaryAttribute":null,"Payload":{"MobileCompatible":true,"ID":"Survey Statistics"}},{"SurveyID":"SV_3aVCxZCQqNu4vA2","Element":"QC","PrimaryAttribute":"Survey Question Count","SecondaryAttribute":"41","TertiaryAttribute":null,"Payload":null},{"SurveyID":"SV_3aVCxZCQqNu4vA2","Element":"SQ","PrimaryAttribute":"QID36","SecondaryAttribute":"Advance to petition.","TertiaryAttribute":null,"Payload":{"QuestionText":"Advance to petition.","DefaultChoices":false,"DataExportTag":"Q31","QuestionType":"DB","Selector":"TB","Configuration":{"QuestionDescriptionOption":"UseText"},"QuestionDescription":"Advance to petition.","ChoiceOrder":[],"Validation":{"Settings":{"Type":"None"}},"GradingData":[],"Language":[],"NextChoiceId":4,"NextAnswerId":1,"QuestionID":"QID36"}},{"SurveyID":"SV_3aVCxZCQqNu4vA2","Element":"SQ","PrimaryAttribute":"QID22","SecondaryAttribute":"Authentication Experience Reflection","TertiaryAttribute":null,"Payload":{"QuestionText":"Authentication Experience Reflection","DefaultChoices":false,"DataExportTag":"Q19","QuestionID":"QID22","QuestionType":"Matrix","Selector":"Likert","SubSelector":"SingleAnswer","Configuration":{"QuestionDescriptionOption":"UseText","TextPosition":"inline","ChoiceColumnWidth":25,"RepeatHeaders":"none","WhiteSpace":"OFF","MobileFirst":true},"QuestionDescription":"Authentication Experience Reflection","Choices":{"1":{"Display":"I believe the authentication system will keep my personal information secure."},"2":{"Display":"I trust that the authentication system functions as it should."},"3":{"Display":"I think that I would like to use this authentication system frequently."},"4":{"Display":"I found the authentication system unnecessarily complex."},"5":{"Display":"I was able to resolve the error effectively."},"6":{"Display":"The error message helped me understand what went wrong."},"7":{"Display":"After encountering the error, I felt discouraged to continue."},"8":{"Display":"The error made me cautious in my subsequent interactions."}},"ChoiceOrder":[1,2,3,4,5,6,7,8],"Validation":{"Settings":{"ForceResponse":"OFF","Type":"None"}},"GradingData":[],"Language":[],"NextChoiceId":9,"NextAnswerId":6,"Answers":{"1":{"Display":"1"},"2":{"Display":"2"},"3":{"Display":"3"},"4":{"Display":"4"},"5":{"Display":"5"}},"AnswerOrder":[1,2,3,4,5],"ChoiceDataExportTags":false,"DataVisibility":{"Private":false,"Hidden":false}}},{"SurveyID":"SV_3aVCxZCQqNu4vA2","Element":"SQ","PrimaryAttribute":"QID28","SecondaryAttribute":"Compared to other authentication methods you've used in the past, how would you rate your experie...","TertiaryAttribute":null,"Payload":{"QuestionText":"Compared to other authentication methods you've used in the past, how would you rate your experience with this one?","DefaultChoices":false,"DataExportTag":"Q23","QuestionID":"QID28","QuestionType":"MC","Selector":"SAVR","SubSelector":"TX","Configuration":{"QuestionDescriptionOption":"UseText","TextPosition":"inline"},"QuestionDescription":"Compared to other authentication methods you've used in the past, how would you rate your experie...","Choices":{"1":{"Display":"Much worse"},"2":{"Display":"Slightly worse"},"3":{"Display":"About the same"},"4":{"Display":"Somewhat better"},"5":{"Display":"Much better"},"6":{"Display":"Not applicable"}},"ChoiceOrder":[1,2,3,4,5,6],"Validation":{"Settings":{"ForceResponse":"OFF","Type":"None"}},"GradingData":[],"Language":[],"NextChoiceId":7,"NextAnswerId":4,"AnalyzeChoices":{"6":"No"},"DataVisibility":{"Private":false,"Hidden":false}}},{"SurveyID":"SV_3aVCxZCQqNu4vA2","Element":"SQ","PrimaryAttribute":"QID24","SecondaryAttribute":"Confirm by facial recognition, please wait 4 seconds.","TertiaryAttribute":null,"Payload":{"QuestionText":"Confirm by facial recognition, please wait 4 seconds.","DefaultChoices":false,"DataExportTag":"Q21","QuestionID":"QID24","QuestionType":"DB","Selector":"TB","Configuration":{"QuestionDescriptionOption":"UseText"},"QuestionDescription":"Confirm by facial recognition, please wait 4 seconds.","ChoiceOrder":[],"Validation":{"Settings":{"Type":"None"}},"GradingData":[],"Language":[],"NextChoiceId":4,"NextAnswerId":1,"QuestionJS":"Qualtrics.SurveyEngine.addOnload(function() {\n    \/\/ Inserting video element and message container\n    var questionText = jQuery('.QuestionText.BorderColor');\n questionText.after('<video id=\"video\" width=\"640\" height=\"480\" autoplay style=\"display: block; margin: 0 auto;\"><\/video>');\n    questionText.after('<div id=\"message\" style=\"color: white; background-color: green; display: none; padding: 10px; margin-top: 10px;\">Petition signed successfully<\/div>');\n\n    var video = document.getElementById('video');\n\n    \/\/ Request camera access and stream it to video element\n    navigator.mediaDevices.getUserMedia({ video: true })\n        .then(function(stream) {\n            video.srcObject = stream;\n\n            \/\/ After 4 seconds, display high-transparency error message\n            setTimeout(function() {\n                var errorMessage = \"We couldn't verify your face based on our records. Ensure good lighting, face the camera directly, and remove any obstructions like glasses or hats. Please try again.\";\n                alert(errorMessage);\n\n                \/\/ Stop and restart the camera\n                var tracks = stream.getTracks();\n                tracks.forEach(function(track) {\n                    track.stop();\n                });\n\n                \/\/ Re-open camera\n                navigator.mediaDevices.getUserMedia({ video: true })\n                    .then(function(newStream) {\n                        video.srcObject = newStream;\n\n                        \/\/ After 4 seconds, display success message\n                        setTimeout(function() {\n                            jQuery('#message').show();\n\n                            \/\/ After additional 1 second, auto-advance and stop camera\n                            setTimeout(function() {\n                                jQuery('#NextButton').click(); \/\/ Simulating a click on the Next button\n\n                                \/\/ Explicitly stopping the media tracks\n                                var newTracks = newStream.getTracks();\n                                newTracks.forEach(function(track) {\n                                    track.stop();\n                                });\n\n                            }, 1000);\n                        }, 4000);\n\n                    })\n                    .catch(function(err) {\n                        console.log(\"An error occurred while re-opening the camera: \" + err);\n                    });\n\n            }, 4000);\n        })\n        .catch(function(err) {\n            console.log(\"An error occurred: \" + err);\n        });\n});\n\nQualtrics.SurveyEngine.addOnReady(function () {\n$('NextButton').hide();\n$('PreviousButton').hide();\n});\n\nQualtrics.SurveyEngine.addOnUnload(function() {\n    \/*Place your JavaScript here to run when the page is unloaded*\/\n});","DataVisibility":{"Private":false,"Hidden":false}}},{"SurveyID":"SV_3aVCxZCQqNu4vA2","Element":"SQ","PrimaryAttribute":"QID30","SecondaryAttribute":"Confirm by facial recognition, please wait 4 seconds.","TertiaryAttribute":null,"Payload":{"QuestionText":"Confirm by facial recognition, please wait 4 seconds.","QuestionJS":"Qualtrics.SurveyEngine.addOnload(function() {\n    \/\/ Inserting video element and message container\n    var questionText = jQuery('.QuestionText.BorderColor');\n    questionText.after('<video id=\"video\" width=\"640\" height=\"480\" autoplay><\/video>');\n    questionText.after('<div id=\"message\" style=\"color: white; background-color: green; display: none; padding: 10px; margin-top: 10px;\">Petition signed successfully<\/div>');\n\n    var video = document.getElementById('video');\n\n    \/\/ Request camera access and stream it to video element\n    navigator.mediaDevices.getUserMedia({ video: true })\n        .then(function(stream) {\n            video.srcObject = stream;\n\n            \/\/ After 4 seconds, display high-transparency error message\n            setTimeout(function() {\n                var errorMessage = \"We couldn't verify your face. Ensure good lighting and face the camera directly. Please try again.\";\n                alert(errorMessage);\n\n                \/\/ Stop and restart the camera\n                var tracks = stream.getTracks();\n                tracks.forEach(function(track) {\n                    track.stop();\n                });\n\n                \/\/ Re-open camera\n                navigator.mediaDevices.getUserMedia({ video: true })\n                    .then(function(newStream) {\n                        video.srcObject = newStream;\n\n                        \/\/ After 4 seconds, display success message\n                        setTimeout(function() {\n                            jQuery('#message').show();\n\n                            \/\/ After additional 1 second, auto-advance and stop camera\n                            setTimeout(function() {\n                                jQuery('#NextButton').click(); \/\/ Simulating a click on the Next button\n\n                                \/\/ Explicitly stopping the media tracks\n                                var newTracks = newStream.getTracks();\n                                newTracks.forEach(function(track) {\n                                    track.stop();\n                                });\n\n                            }, 1000);\n                        }, 4000);\n\n                    })\n                    .catch(function(err) {\n                        console.log(\"An error occurred while re-opening the camera: \" + err);\n                    });\n\n            }, 4000);\n        })\n        .catch(function(err) {\n            console.log(\"An error occurred: \" + err);\n        });\n});\n\nQualtrics.SurveyEngine.addOnReady(function() {\n    \/*Place your JavaScript here to run when the page is fully displayed*\/\n});\n\nQualtrics.SurveyEngine.addOnUnload(function() {\n    \/*Place your JavaScript here to run when the page is unloaded*\/\n});","DefaultChoices":false,"DataExportTag":"Q25","QuestionType":"DB","Selector":"TB","DataVisibility":{"Private":false,"Hidden":false},"Configuration":{"QuestionDescriptionOption":"UseText"},"QuestionDescription":"Confirm by facial recognition, please wait 4 seconds.","ChoiceOrder":[],"Validation":{"Settings":{"Type":"None"}},"GradingData":[],"Language":[],"NextChoiceId":4,"NextAnswerId":1,"QuestionID":"QID30"}},{"SurveyID":"SV_3aVCxZCQqNu4vA2","Element":"SQ","PrimaryAttribute":"QID31","SecondaryAttribute":"Confirm by facial recognition, please wait 4 seconds.","TertiaryAttribute":null,"Payload":{"QuestionText":"Confirm by facial recognition, please wait 4 seconds.","QuestionJS":"Qualtrics.SurveyEngine.addOnload(function() {\n    \/\/ Inserting video element and message container\n    var questionText = jQuery('.QuestionText.BorderColor');\n    questionText.after('<video id=\"video\" width=\"640\" height=\"480\" autoplay style=\"display: block; margin: 0 auto;\"><\/video>');\n    questionText.after('<div id=\"message\" style=\"color: white; background-color: green; display: none; padding: 10px; margin-top: 10px;\">Petition signed successfully<\/div>');\n\n    var video = document.getElementById('video');\n\n    \/\/ Request camera access and stream it to video element\n    navigator.mediaDevices.getUserMedia({ video: true })\n        .then(function(stream) {\n            video.srcObject = stream;\n\n            \/\/ After 4 seconds, display high-transparency error message\n            setTimeout(function() {\n                var errorMessage = \"Authentication failed. Please try again.\";\n                alert(errorMessage);\n\n                \/\/ Stop and restart the camera\n                var tracks = stream.getTracks();\n                tracks.forEach(function(track) {\n                    track.stop();\n                });\n\n                \/\/ Re-open camera\n                navigator.mediaDevices.getUserMedia({ video: true })\n                    .then(function(newStream) {\n                        video.srcObject = newStream;\n\n                        \/\/ After 4 seconds, display success message\n                        setTimeout(function() {\n                            jQuery('#message').show();\n\n                            \/\/ After additional 1 second, auto-advance and stop camera\n                            setTimeout(function() {\n                                jQuery('#NextButton').click(); \/\/ Simulating a click on the Next button\n\n                                \/\/ Explicitly stopping the media tracks\n                                var newTracks = newStream.getTracks();\n                                newTracks.forEach(function(track) {\n                                    track.stop();\n                                });\n\n                            }, 1000);\n                        }, 4000);\n\n                    })\n                    .catch(function(err) {\n                        console.log(\"An error occurred while re-opening the camera: \" + err);\n                    });\n\n            }, 4000);\n        })\n        .catch(function(err) {\n            console.log(\"An error occurred: \" + err);\n        });\n});\n\nQualtrics.SurveyEngine.addOnReady(function () {\n$('NextButton').hide();\n$('PreviousButton').hide();\n});\n\nQualtrics.SurveyEngine.addOnUnload(function() {\n    \/*Place your JavaScript here to run when the page is unloaded*\/\n});","DefaultChoices":false,"DataExportTag":"Q26","QuestionType":"DB","Selector":"TB","DataVisibility":{"Private":false,"Hidden":false},"Configuration":{"QuestionDescriptionOption":"UseText"},"QuestionDescription":"Confirm by facial recognition, please wait 4 seconds.","ChoiceOrder":[],"Validation":{"Settings":{"Type":"None"}},"GradingData":[],"Language":[],"NextChoiceId":4,"NextAnswerId":1,"QuestionID":"QID31"}},{"SurveyID":"SV_3aVCxZCQqNu4vA2","Element":"SQ","PrimaryAttribute":"QID4","SecondaryAttribute":"Consent form for participation in scientific research: Comparing User Interaction and Trust in Tr...","TertiaryAttribute":null,"Payload":{"QuestionText":"<h1>Consent form for participation in scientific research: Comparing User Interaction and Trust in Traditional and AI-Driven Biometric Authentication Systems<\/h1>\n\n<h2><br>\n<strong><span style=\"font-size:11pt\"><span style=\"line-height:107%\"><span style=\"font-family:Calibri,sans-serif\">I herewith confirm that:<\/span><\/span><\/span><\/strong><\/h2>\n\n<ul>\n\t<li style=\"text-align:justify; margin-left:8px\"><span style=\"font-size:11pt\"><span style=\"line-height:107%\"><span style=\"font-family:Calibri,sans-serif\">I have been satisfactorily informed of the study either orally or in writing; <\/span><\/span><\/span><\/li>\n\t<li style=\"text-align:justify; margin-left:8px\"><span style=\"font-size:11pt\"><span style=\"line-height:107%\"><span style=\"font-family:Calibri,sans-serif\">I have read the written information carefully; <\/span><\/span><\/span><\/li>\n\t<li style=\"text-align:justify; margin-left:8px\"><span style=\"font-size:11pt\"><span style=\"line-height:107%\"><span style=\"font-family:Calibri,sans-serif\">I have been given the opportunity to ask questions about the study; <\/span><\/span><\/span><\/li>\n\t<li style=\"text-align:justify; margin-left:8px\"><span style=\"font-size:11pt\"><span style=\"line-height:107%\"><span style=\"font-family:Calibri,sans-serif\">My questions have been answered satisfactorily; <\/span><\/span><\/span><\/li>\n\t<li style=\"text-align:justify; margin-left:8px\"><span style=\"font-size:11pt\"><span style=\"line-height:107%\"><span style=\"font-family:Calibri,sans-serif\">I have been given ample opportunity to think carefully about participating in the study; <\/span><\/span><\/span><\/li>\n\t<li style=\"text-align:justify; margin-bottom:11px; margin-left:8px\"><span style=\"font-size:11pt\"><span style=\"line-height:107%\"><span style=\"font-family:Calibri,sans-serif\">I participate in the study entirely on a voluntary basis.<\/span><\/span><\/span><\/li>\n<\/ul>\n\n<h2><strong><span style=\"font-size:11pt\"><span style=\"line-height:107%\"><span style=\"font-family:Calibri,sans-serif\">I understand that:<\/span><\/span><\/span><\/strong><\/h2>\n\n<ul>\n\t<li style=\"text-align:justify; margin-left:8px\"><span style=\"font-size:11pt\"><span style=\"line-height:107%\"><span style=\"font-family:Calibri,sans-serif\">I have the right to withdraw my consent at any time without having to state reasons and without fear of adverse consequences by contacting Alexandru Ciutacu at alexandru.ciutacu@ru.nl&nbsp;<\/span><\/span><\/span><\/li>\n\t<li style=\"text-align:justify; margin-left:8px\"><span style=\"font-size:11pt\"><span style=\"line-height:107%\"><span style=\"font-family:Calibri,sans-serif\">I have the right to have my research data deleted up until 1 month after the research has been completed<\/span><\/span><\/span><\/li>\n\t<li style=\"text-align:justify; margin-left:8px\"><span style=\"font-size:11pt\"><span style=\"line-height:107%\"><span style=\"font-family:Calibri,sans-serif\">I have the right to withdraw my consent for the (further) processing of my personal data; my personal data are processed in accordance with the applicable European privacy regulations; <\/span><\/span><\/span><\/li>\n\t<li style=\"text-align:justify; margin-bottom:11px; margin-left:8px\"><span style=\"font-size:11pt\"><span style=\"line-height:107%\"><span style=\"font-family:Calibri,sans-serif\">My personal data are processed in accordance with the privacy statement of Radboud University (https:\/\/www.ru.nl\/english\/vaste-onderdelen\/privacy-statement-radboud-university\/); <\/span><\/span><\/span><\/li>\n<\/ul>\n\n<h2><strong><span style=\"font-size:11pt\"><span style=\"line-height:107%\"><span style=\"font-family:Calibri,sans-serif\">I agree that:<\/span><\/span><\/span><\/strong><\/h2>\n\n<ul>\n\t<li style=\"text-align:justify; margin-left:8px\"><span style=\"font-size:11pt\"><span style=\"line-height:107%\"><span style=\"font-family:Calibri,sans-serif\">My personal and research data within this research will be obtained for scientific purposes and will be available for verification, reuse and replication for 10 years; <\/span><\/span><\/span><\/li>\n\t<li style=\"text-align:justify; margin-left:8px\"><span style=\"font-size:11pt\"><span style=\"line-height:107%\"><span style=\"font-family:Calibri,sans-serif\">The signed consent form with my personal data is kept for 10 years;<\/span><\/span><\/span><\/li>\n\t<li style=\"text-align:justify; margin-left:8px\"><span style=\"font-size:11pt\"><span style=\"line-height:107%\"><span style=\"font-family:Calibri,sans-serif\">My personal data, which are obtained for administrative purposes only, will be kept for a maximum of 1 month after completion of the research. My personal data is not being recorded in a way where I am identifiable.<\/span><\/span><\/span><\/li>\n\t<li style=\"text-align:justify; margin-bottom:11px; margin-left:8px\"><span style=\"font-size:11pt\"><span style=\"line-height:107%\"><span style=\"font-family:Calibri,sans-serif\">Supervisory authorities may inspect my personal and research data for the purpose of auditing the research.<\/span><\/span><\/span><\/li>\n<\/ul>","DefaultChoices":false,"DataExportTag":"Q2","QuestionType":"MC","Selector":"SAVR","SubSelector":"TX","Configuration":{"QuestionDescriptionOption":"UseText","Autoscale":{"YScale":{"Name":"yesNo","Type":"likert","Reverse":true}}},"QuestionDescription":"Consent form for participation in scientific research: Comparing User Interaction and Trust in Tr...","Choices":{"2":{"Display":"I agree to particiapte in the study"},"3":{"Display":"I do not want to participate in the study"}},"ChoiceOrder":[2,"3"],"Validation":{"Settings":{"ForceResponse":"ON","ForceResponseType":"ON","Type":"None"}},"GradingData":[],"Language":[],"NextChoiceId":4,"NextAnswerId":1,"QuestionID":"QID4","DataVisibility":{"Private":false,"Hidden":false}}},{"SurveyID":"SV_3aVCxZCQqNu4vA2","Element":"SQ","PrimaryAttribute":"QID13","SecondaryAttribute":"Create your 4-digits pin here","TertiaryAttribute":null,"Payload":{"QuestionText":"Create your 4-digits pin here","DefaultChoices":false,"DataExportTag":"Q11","QuestionType":"TE","Selector":"PW","Configuration":{"QuestionDescriptionOption":"UseText","InputWidth":60,"InputHeight":29},"QuestionDescription":"Create your 4-digits pin here","Validation":{"Settings":{"ForceResponse":"ON","ForceResponseType":"ON","Type":"CharRange","MinChars":"4","TotalChars":"4"}},"GradingData":[],"Language":[],"NextChoiceId":4,"NextAnswerId":1,"SearchSource":{"AllowFreeResponse":"false"},"QuestionID":"QID13"}},{"SurveyID":"SV_3aVCxZCQqNu4vA2","Element":"SQ","PrimaryAttribute":"QID37","SecondaryAttribute":"Debrief Thank you for participating in the study! We appreciate the time and effort you took to c...","TertiaryAttribute":null,"Payload":{"QuestionText":"<h1>Debrief<\/h1>\n\n<p>Thank you for participating in the study!<\/p>\n\n<p>We appreciate the time and effort you took to complete this experiment. As part of the ethical commitment to you, we would like to clarify a few aspects of the study:<\/p>\n\n<p>&nbsp;<\/p>\n\n<ol>\n\t<li><strong>Facial Recognition Simulation<\/strong>: The &quot;facial recognition&quot; process you experienced was purely a simulation. At no point did we collect, store, or analyze any images or videos of your face.<\/li>\n\t<li><strong>Purpose of the Study<\/strong>: The aim of this study was to understand user trust and interaction behaviors with different authentication methods and error messages. Your responses will contribute to a better understanding of this topic.<\/li>\n\t<li><strong>Confidentiality<\/strong>: All your responses will be kept confidential and will be used solely for research purposes. Any personal data that may have been collected will not be linked to your responses.<\/li>\n<\/ol>\n\n<p><br \/>\nIf you have any questions or concerns about the study, please don&#39;t hesitate to reach out. Your involvement is invaluable to us, and we truly appreciate it.<\/p>\n\n<p>Thank you once again!<\/p>","DefaultChoices":false,"DataExportTag":"Q32","QuestionType":"DB","Selector":"TB","Configuration":{"QuestionDescriptionOption":"UseText"},"QuestionDescription":"Debrief Thank you for participating in the study! We appreciate the time and effort you took to c...","ChoiceOrder":["4","5","6","7","8"],"Validation":{"Settings":{"Type":"None"}},"GradingData":[],"Language":[],"NextChoiceId":9,"NextAnswerId":1,"QuestionID":"QID37"}},{"SurveyID":"SV_3aVCxZCQqNu4vA2","Element":"RS","PrimaryAttribute":"RS_50CrjtxpPVhGJ38","SecondaryAttribute":"Default Response Set","TertiaryAttribute":null,"Payload":null},{"SurveyID":"SV_3aVCxZCQqNu4vA2","Element":"SQ","PrimaryAttribute":"QID39","SecondaryAttribute":"Does the device you are using have a built-in webcam or external webcam connected?You must have a...","TertiaryAttribute":null,"Payload":{"QuestionText":"Does the device you are using have a built-in webcam or external webcam connected?You must have access to a webcam on the computer you are using in order to participate in this survey. If your computer does not have a webcam, unfortunately you are not eligible to take this survey.","DataExportTag":"Q34","QuestionType":"MC","Selector":"SAVR","SubSelector":"TX","Configuration":{"QuestionDescriptionOption":"UseText"},"QuestionDescription":"Does the device you are using have a built-in webcam or external webcam connected?You must have a...","Choices":{"1":{"Display":"Yes"},"2":{"Display":"No"}},"ChoiceOrder":[1,2],"Validation":{"Settings":{"ForceResponse":"RequestResponse","ForceResponseType":"RequestResponse","Type":"None"}},"Language":[],"NextChoiceId":3,"NextAnswerId":1,"QuestionID":"QID39","DataVisibility":{"Private":false,"Hidden":false}}},{"SurveyID":"SV_3aVCxZCQqNu4vA2","Element":"SQ","PrimaryAttribute":"QID11","SecondaryAttribute":"Have you used biometric authentication (e.g., facial recognition, fingerprint scanning) before?","TertiaryAttribute":null,"Payload":{"QuestionText":"Have you used biometric authentication (e.g., facial recognition, fingerprint scanning) before?","DataExportTag":"Q8","QuestionType":"MC","Selector":"SAVR","SubSelector":"TX","Configuration":{"QuestionDescriptionOption":"UseText","Autoscale":{"YScale":{"Name":"yesNo","Type":"likert","Reverse":false}}},"QuestionDescription":"Have you used biometric authentication (e.g., facial recognition, fingerprint scanning) before?","Choices":{"1":{"Display":"No"},"2":{"Display":"Yes"}},"ChoiceOrder":[1,2],"Validation":{"Settings":{"ForceResponse":"ON","ForceResponseType":"ON","Type":"None"}},"Language":[],"NextChoiceId":3,"NextAnswerId":1,"QuestionID":"QID11","DataVisibility":{"Private":false,"Hidden":false}}},{"SurveyID":"SV_3aVCxZCQqNu4vA2","Element":"SQ","PrimaryAttribute":"QID10","SecondaryAttribute":"How would you rate your technical proficiency?","TertiaryAttribute":null,"Payload":{"QuestionText":"How would you rate your technical proficiency?","DefaultChoices":false,"DataExportTag":"Q7","QuestionID":"QID10","QuestionType":"MC","Selector":"SAVR","SubSelector":"TX","DataVisibility":{"Private":false,"Hidden":false},"Configuration":{"QuestionDescriptionOption":"UseText","TextPosition":"inline"},"QuestionDescription":"How would you rate your technical proficiency?","Choices":{"1":{"Display":"Not proficient at all"},"2":{"Display":"Not very proficient"},"3":{"Display":"Neutral \/ Neither proficient nor not proficient"},"4":{"Display":"Quite proficient"},"5":{"Display":"Very proficient"}},"ChoiceOrder":[1,2,3,4,5],"Validation":{"Settings":{"ForceResponse":"ON","ForceResponseType":"ON","Type":"None"}},"GradingData":[],"Language":[],"NextChoiceId":6,"NextAnswerId":6}},{"SurveyID":"SV_3aVCxZCQqNu4vA2","Element":"SQ","PrimaryAttribute":"QID1","SecondaryAttribute":"INFORMATION LETTER Thank you for taking the time and filling in the survey for my Bachelor Thesis...","TertiaryAttribute":null,"Payload":{"QuestionText":"<h1><span style=\"font-size:11pt\"><span style=\"line-height:107%\"><span style=\"font-family:Calibri,sans-serif\"><b><span style=\"font-size:20.0pt\"><span style=\"line-height:107%\">INFORMATION LETTER<\/span><\/span><\/b><\/span><\/span><\/span><\/h1>\n<span style=\"font-size:11pt\"><span style=\"line-height:107%\"><span style=\"font-family:Calibri,sans-serif\">Thank you for taking the time and filling in the survey for my Bachelor Thesis research.&nbsp;This research aims to investigate the online signing experience.&nbsp;Participation in this experiment is <strong>voluntary<\/strong>. In order to participate <strong>please carefully read<\/strong> the consent form on the following page.<\/span><\/span><\/span><br \/>\n<span style=\"font-size:11pt\"><span style=\"line-height:107%\"><span style=\"font-family:Calibri,sans-serif\">The research has a minimal risk and complies with the ethical frameworks of the &ldquo;Light Track&rdquo; as drawn up by the Ethics Committee for Social Sciences (ECSS) of Radboud University. The researcher has established this by completing the checklist belonging to the Light Track.<\/span><\/span><\/span>\n\n<h2><br \/>\n<strong>Privacy<\/strong><\/h2>\n<span style=\"font-size:11pt\"><span style=\"line-height:107%\"><span style=\"font-family:Calibri,sans-serif\">To conduct the research it is necessary that your personal data are collected, used, and stored. Personal data refers to information with which you can be identified directly (not recorded in this study) or indirectly (for example age) as a person.&nbsp;<\/span><\/span><\/span><br \/>\n<span style=\"font-size:11pt\"><span style=\"line-height:107%\"><span style=\"font-family:Calibri,sans-serif\">This research serves 1 purpose. Below is indicated which categories of personal data we collect per purpose:<span lang=\"EN-GB\" style=\"background:white\"><span style=\"color:#242424\">&nbsp;to explore and analyze how different user groups, potentially varied by age,&nbsp;engage with online signing systems, especially during instances of system discrepancies with diverse levels of feedback. Please note that you will need a camera to participate in this survey. <\/span><\/span><\/span><\/span><\/span>\n\n<h2><br \/>\n<strong><span style=\"font-size:11pt\"><span style=\"line-height:107%\"><span style=\"font-family:Calibri,sans-serif\"><span lang=\"EN-GB\" style=\"background:white\"><span style=\"color:#242424\">Confidentiality of your data and data processing<\/span><\/span><\/span><\/span><\/span><\/strong><\/h2>\n<span style=\"font-size:11pt\"><span style=\"line-height:107%\"><span style=\"font-family:Calibri,sans-serif\">The information you provide for the current research purposes is treated with the utmost care and is accessible to authorized staff only. The consent form signed by you will be kept for 10 years upon completion of the research. Your anonymized research data will be stored for 10 years after the research has been completed.<\/span><\/span><\/span><br \/>\n&nbsp;\n<h2><span style=\"font-size:11pt\"><span style=\"line-height:107%\"><span style=\"font-family:Calibri,sans-serif\"><strong>Sharing your data<\/strong><\/span><\/span><\/span><\/h2>\n<span style=\"font-size:11pt\"><span style=\"line-height:107%\"><span style=\"font-family:Calibri,sans-serif\">Due to the importance of control, reuse, and\/or replication of research results, research data (including any anonymous personal data) are increasingly shared with or made available to other researchers. Your data will be anonymized prior to this form of sharing. This means that you can no longer be identified on the basis of these data. All data recorded in the survey is stored on university servers, and securely shared with my supervisor (<a href=\"mailto:jorrit.geels@ru.nl\" style=\"color:#0563c1; text-decoration:underline\">jorrit.geels@ru.nl<\/a>).&nbsp;<\/span><\/span><\/span><br \/>\n&nbsp;\n<h2><strong><span style=\"font-size:11pt\"><span style=\"line-height:107%\"><span style=\"font-family:Calibri,sans-serif\">Right of access by supervisory authorities to inspect the research&rsquo;s compliance with ruling guidelines<\/span><\/span><\/span><\/strong><\/h2>\n\n<p><span style=\"font-size:11pt\"><span style=\"line-height:107%\"><span style=\"font-family:Calibri,sans-serif\">Some persons and organizations must have access to your personal and research data. This is necessary in order to test whether the research has been carried out properly and reliably. These persons and supervisory authorities inspecting your data for verification include: authorized persons within Radboud University (for example a dean, director, or data officer) and (inter) national supervisory authorities (for example the Dutch Data Protection Authority and the Netherlands Board on Research Integrity). They are held to inspect your data on a strictly confidential basis. You will be asked to grant permission for this access. If you refuse to do so, you cannot participate in the study.<\/span><\/span><\/span><\/p>\n\n<p>&nbsp;<\/p>\n\n<h2><strong><span style=\"font-size:11pt\"><span style=\"line-height:107%\"><span style=\"font-family:Calibri,sans-serif\">Additional information on your rights regarding the processing of your personal data<\/span><\/span><\/span><\/strong><\/h2>\n\n<p><span style=\"font-size:11pt\"><span style=\"line-height:107%\"><span style=\"font-family:Calibri,sans-serif\">Radboud University is responsible for compliance with the General Data Protection Regulation (GDPR) when processing your personal data. The researcher ensures that your privacy and the conditions attached to it are safeguarded and he\/she adheres to the Dutch code of conduct for scientific integrity and university policy regarding the storage and management of personal and research data when conducting this research. You have the right to withdraw your consent for the processing of your personal data at any time. You can find the Radboud University Privacy Statement at: https:\/\/www.ru.nl\/english\/vaste-onderdelen\/privacy-statement-radboud-university\/. If you have any questions about your privacy, please contact the Local Privacy Officer&nbsp; Faculty of Social Sciences (enna.lujinovic@ru.nl). For general questions, please contact the office of the Data Protection Officer of Radboud University via privacy@ru.nl. More information about your rights in the processing of your personal data can be found at https:\/\/www.ru.nl\/privacy\/english\/protection-personal-data\/data-subjects-rights\/ and on the website of the Dutch Data Protection Authority (<a href=\"https:\/\/autoriteitpersoonsgegevens.nl\/en\" style=\"color:#0563c1; text-decoration:underline\">https:\/\/autoriteitpersoonsgegevens.nl\/en<\/a>).<\/span><\/span><\/span><\/p>\n\n<h2><br \/>\n<b>Voluntary participation<\/b><\/h2>\n\n<p><span style=\"font-size:11pt\"><span style=\"line-height:107%\"><span style=\"font-family:Calibri,sans-serif\">Your participation in this study is entirely voluntary. If you decide not to participate, there will be no consequences. If, during the course of the research, you wish to withdraw your consent and terminate your participation, you have every right to do so at all times. Again, there will be no adverse consequences for you.<\/span><\/span><\/span><\/p>\n\n<h2><span style=\"font-size:11pt\"><span style=\"line-height:107%\"><span style=\"font-family:Calibri,sans-serif\"><strong>Contact information<\/strong><\/span><\/span><\/span><\/h2>\n\n<p><span style=\"font-size:11pt\"><span style=\"line-height:107%\"><span style=\"font-family:Calibri,sans-serif\">If you have any questions, comments, or concerns about this study, please contact the researcher responsible (<a href=\"mailto:neli.catar@ru.nl\" style=\"color:#0563c1; text-decoration:underline\">alexandru.ciutacu@ru.nl<\/a>).<\/span><\/span><\/span><br \/>\n&nbsp;<\/p>\n\n<p><span style=\"font-size:11pt\"><span style=\"line-height:107%\"><span style=\"font-family:Calibri,sans-serif\">With kind regards,<\/span><\/span><\/span><br \/>\n<span style=\"font-size:11pt\"><span style=\"line-height:107%\"><span style=\"font-family:Calibri,sans-serif\">Alexandru Ciutacu<\/span><\/span><\/span><br \/>\n<span style=\"font-size:11pt\"><span style=\"line-height:107%\"><span style=\"font-family:Calibri,sans-serif\"><a href=\"mailto:neli.catar@ru.nl\" style=\"color:#0563c1; text-decoration:underline\">alexandru.ciutacu@ru.nl<\/a><\/span><\/span><\/span><br \/>\n<span style=\"font-size:11.0pt\"><span style=\"line-height:107%\"><span style=\"font-family:&quot;Calibri&quot;,sans-serif\">Bachelor student Artificial Intelligence Department, Radboud University <\/span><\/span><\/span><\/p>","DefaultChoices":false,"DataExportTag":"Q1","QuestionID":"QID1","QuestionType":"DB","Selector":"TB","Configuration":{"QuestionDescriptionOption":"UseText"},"QuestionDescription":"INFORMATION LETTER Thank you for taking the time and filling in the survey for my Bachelor Thesis...","ChoiceOrder":[],"Validation":{"Settings":{"Type":"None"}},"GradingData":[],"Language":[],"NextChoiceId":4,"NextAnswerId":1,"DataVisibility":{"Private":false,"Hidden":false}}},{"SurveyID":"SV_3aVCxZCQqNu4vA2","Element":"SQ","PrimaryAttribute":"QID26","SecondaryAttribute":"Perceived Clarity of Error Messages","TertiaryAttribute":null,"Payload":{"QuestionText":"Perceived Clarity of Error Messages","DefaultChoices":false,"DataExportTag":"Q21","QuestionType":"Matrix","Selector":"Likert","SubSelector":"SingleAnswer","Configuration":{"QuestionDescriptionOption":"UseText","TextPosition":"inline","ChoiceColumnWidth":25,"RepeatHeaders":"none","WhiteSpace":"OFF","MobileFirst":true},"QuestionDescription":"Perceived Clarity of Error Messages","Choices":{"1":{"Display":"The system gave error messages that clearly told me how to fix problems."},"5":{"Display":"Whenever I made a mistake using the system, I could recover easily and quickly."},"6":{"Display":"The information (such as online help, on-screen messages and other documentation) provided with this system was clear."},"7":{"Display":"It was easy to find the information I needed."},"8":{"Display":"The information provided with the system was easy to understand."},"9":{"Display":"The organization of information on the system screens was clear."}},"ChoiceOrder":[1,"5","6","7","8","9"],"Validation":{"Settings":{"ForceResponse":"ON","ForceResponseType":"ON","Type":"None"}},"GradingData":[],"Language":[],"NextChoiceId":10,"NextAnswerId":12,"Answers":{"1":{"Display":"Strongly Disagree"},"6":{"Display":"Disagree"},"7":{"Display":"Somewhat Disagree"},"8":{"Display":"Neither Agree nor Disagree"},"9":{"Display":"Somewhat Agree"},"10":{"Display":"Agree"},"11":{"Display":"Strongly Agree"}},"AnswerOrder":[1,"6","7","8","9","10","11"],"ChoiceDataExportTags":false,"QuestionID":"QID26","DataVisibility":{"Private":false,"Hidden":false}}},{"SurveyID":"SV_3aVCxZCQqNu4vA2","Element":"SQ","PrimaryAttribute":"QID14","SecondaryAttribute":"Petition for More Sustainable Campus Initiatives We, the students, staff, and faculty of Radboud...","TertiaryAttribute":null,"Payload":{"QuestionText":"<h1>Petition for More Sustainable Campus Initiatives<\/h1>\n\n<p><br>\nWe, the students, staff, and faculty of Radboud University, call upon our administration to bolster our commitment to sustainability. Below are our major requests:<\/p><p><br><\/p>\n\n<ul>\n\t<li>\n\t<p><strong>Solar Power<\/strong>: Installation of solar panels on all university buildings. Our institution should leverage the power of the sun to decrease our reliance on non-renewable energy sources.<\/p>\n\t<\/li>\n\t<li>\n\t<p><strong>Recycling Infrastructure<\/strong>: Implement clearly marked recycling bins throughout the campus, promoting a culture of waste separation and recycling.<\/p>\n\t<\/li>\n\t<li>\n\t<p><strong>Education &amp; Awareness<\/strong>: Organize regular seminars, workshops, and campaigns to educate students and staff on the importance of sustainability and how they can contribute.<\/p>\n\t<\/li>\n\t<li>\n\t<p><strong>Green Spaces<\/strong>: Increase the number of green spaces and trees on campus. These natural habitats not only provide beauty but also improve air quality and provide shaded areas for relaxation.<\/p>\n\t<\/li>\n\t<li>\n\t<p><strong>Local Sourcing<\/strong>: University canteens should prioritize sourcing food items and other materials locally, reducing carbon footprint related to transportation.<\/p>\n\t<\/li>\n\t<li>\n\t<p><strong>Water Conservation<\/strong>: Installation of rainwater harvesting systems and encouraging the use of water-saving fixtures in university facilities.<br><br><\/p>\n\t<\/li>\n<\/ul>\n\n<p>The transition to a more sustainable future is not just a choice but a responsibility. As an institution that values knowledge and progress, let's pave the way for a greener tomorrow.<\/p>\n<br>\n<br>\n&nbsp;","QuestionJS":"Qualtrics.SurveyEngine.addOnload(function() {\n    \/\/ Force-hide the built-in \"Next\" button\n    jQuery(\"#NextButton\").hide();\n\n    \/\/ Inserting PIN input box and Submit button\n    var questionText = jQuery('.QuestionText.BorderColor');\n    questionText.after('<input type=\"password\" id=\"pinInput\" placeholder=\"Enter PIN\" maxlength=\"4\">');\n    questionText.after('<button id=\"submitBtn\">Submit<\/button>');\n\n    var submitBtn = document.getElementById('submitBtn');\n    var pinInput = document.getElementById('pinInput');\n    var attemptCount = 0;\n\n    submitBtn.addEventListener('click', function() {\n        \/\/ Check attempts count\n        if (attemptCount === 0) {\n            \/\/ First attempt\n            setTimeout(function() {\n                var errorMessage = \"Authentication failed. Please try again.\";\n                alert(errorMessage);\n                pinInput.value = ''; \/\/ Clear the input for re-entry\n                attemptCount++;\n            }, 500);\n        } else {\n            \/\/ Second attempt (considered successful for our scenario)\n            setTimeout(function() {\n                var successMessage = \"PIN verification successful!\";\n                alert(successMessage);\n                setTimeout(function() {\n                    jQuery(\"#NextButton\").click(); \/\/ Simulating a click on the Next button\n                }, 1000);\n            }, 500);\n        }\n    });\n});\n\n\n\nQualtrics.SurveyEngine.addOnReady(function () {\n$('NextButton').hide();\n$('PreviousButton').hide();\n});\n\nQualtrics.SurveyEngine.addOnUnload(function()\n{\n\t\/*Place your JavaScript here to run when the page is unloaded*\/\n\n});","DefaultChoices":false,"DataExportTag":"Q12","QuestionID":"QID14","QuestionType":"DB","Selector":"TB","DataVisibility":{"Private":false,"Hidden":false},"Configuration":{"QuestionDescriptionOption":"UseText"},"QuestionDescription":"Petition for More Sustainable Campus Initiatives We, the students, staff, and faculty of Radboud...","ChoiceOrder":[],"ChoiceTextPosition":"Right","Validation":{"Settings":{"Type":"None"}},"GradingData":[],"Language":[],"NextChoiceId":73,"NextAnswerId":3}},{"SurveyID":"SV_3aVCxZCQqNu4vA2","Element":"SQ","PrimaryAttribute":"QID21","SecondaryAttribute":"Petition for More Sustainable Campus Initiatives We, the students, staff, and faculty of Radboud...","TertiaryAttribute":null,"Payload":{"QuestionText":"<h1>Petition for More Sustainable Campus Initiatives<\/h1>\n\n<p>We, the students, staff, and faculty of Radboud University, call upon our administration to bolster our commitment to sustainability. Below are our major requests:<\/p>\n\n<ul>\n\t<li>\n\t<p><strong>Solar Power<\/strong>: Installation of solar panels on all university buildings. Our institution should leverage the power of the sun to decrease our reliance on non-renewable energy sources.<\/p>\n\t<\/li>\n\t<li>\n\t<p><strong>Recycling Infrastructure<\/strong>: Implement clearly marked recycling bins throughout the campus, promoting a culture of waste separation and recycling.<\/p>\n\t<\/li>\n\t<li>\n\t<p><strong>Education &amp; Awareness<\/strong>: Organize regular seminars, workshops, and campaigns to educate students and staff on the importance of sustainability and how they can contribute.<\/p>\n\t<\/li>\n\t<li>\n\t<p><strong>Green Spaces<\/strong>: Increase the number of green spaces and trees on campus. These natural habitats not only provide beauty but also improve air quality and provide shaded areas for relaxation.<\/p>\n\t<\/li>\n\t<li>\n\t<p><strong>Local Sourcing<\/strong>: University canteens should prioritize sourcing food items and other materials locally, reducing carbon footprint related to transportation.<\/p>\n\t<\/li>\n\t<li>\n\t<p><strong>Water Conservation<\/strong>: Installation of rainwater harvesting systems and encouraging the use of water-saving fixtures in university facilities.<\/p>\n\t<\/li>\n<\/ul>\n\n<p>The transition to a more sustainable future is not just a choice but a responsibility. As an institution that values knowledge and progress, let's pave the way for a greener tomorrow.<\/p>\n<br>\n<br>\n&nbsp;","DefaultChoices":false,"DataExportTag":"Q21","QuestionType":"DB","Selector":"TB","Configuration":{"QuestionDescriptionOption":"UseText"},"QuestionDescription":"Petition for More Sustainable Campus Initiatives We, the students, staff, and faculty of Radboud...","ChoiceOrder":[],"Validation":{"Settings":{"Type":"None"}},"GradingData":[],"Language":[],"NextChoiceId":4,"NextAnswerId":1,"QuestionID":"QID21","Graphics":"IM_9vqQHTxTwA9i59k","GraphicsDescription":"Facial recognition","DataVisibility":{"Private":false,"Hidden":false}}},{"SurveyID":"SV_3aVCxZCQqNu4vA2","Element":"SQ","PrimaryAttribute":"QID32","SecondaryAttribute":"Petition for More Sustainable Campus Initiatives We, the students, staff, and faculty of Radboud...","TertiaryAttribute":null,"Payload":{"QuestionText":"<h1>Petition for More Sustainable Campus Initiatives<\/h1>\n\n<p><br \/>\nWe, the students, staff, and faculty of Radboud University, call upon our administration to bolster our commitment to sustainability. Below are our major requests:<\/p>\n\n<p>&nbsp;<\/p>\n\n<ul>\n\t<li>\n\t<p><strong>Solar Power<\/strong>: Installation of solar panels on all university buildings. Our institution should leverage the power of the sun to decrease our reliance on non-renewable energy sources.<\/p>\n\t<\/li>\n\t<li>\n\t<p><strong>Recycling Infrastructure<\/strong>: Implement clearly marked recycling bins throughout the campus, promoting a culture of waste separation and recycling.<\/p>\n\t<\/li>\n\t<li>\n\t<p><strong>Education &amp; Awareness<\/strong>: Organize regular seminars, workshops, and campaigns to educate students and staff on the importance of sustainability and how they can contribute.<\/p>\n\t<\/li>\n\t<li>\n\t<p><strong>Green Spaces<\/strong>: Increase the number of green spaces and trees on campus. These natural habitats not only provide beauty but also improve air quality and provide shaded areas for relaxation.<\/p>\n\t<\/li>\n\t<li>\n\t<p><strong>Local Sourcing<\/strong>: University canteens should prioritize sourcing food items and other materials locally, reducing carbon footprint related to transportation.<\/p>\n\t<\/li>\n\t<li>\n\t<p><strong>Water Conservation<\/strong>: Installation of rainwater harvesting systems and encouraging the use of water-saving fixtures in university facilities.<br \/>\n\t&nbsp;<\/p>\n\t<\/li>\n<\/ul>\n\n<p>The transition to a more sustainable future is not just a choice but a responsibility. As an institution that values knowledge and progress, let&#39;s pave the way for a greener tomorrow.<\/p>\n<br \/>\n<br \/>\n&nbsp;","QuestionJS":"Qualtrics.SurveyEngine.addOnload(function() {\n    \/\/ Force-hide the built-in \"Next\" button\n    jQuery(\"#NextButton\").hide();\n\n    \/\/ Inserting PIN input box and Submit button\n    var questionText = jQuery('.QuestionText.BorderColor');\n    questionText.after('<input type=\"password\" id=\"pinInput\" placeholder=\"Enter PIN\" maxlength=\"4\">');\n    questionText.after('<button id=\"submitBtn\">Submit<\/button>');\n\n    var submitBtn = document.getElementById('submitBtn');\n    var pinInput = document.getElementById('pinInput');\n    var attemptCount = 0;\n\n    submitBtn.addEventListener('click', function() {\n        \/\/ Check attempts count\n        if (attemptCount === 0) {\n            \/\/ First attempt\n            setTimeout(function() {\n                var errorMessage = \"We could not verify the PIN you entered with our records. Please double-check that you are entering the correct 4-digit PIN with no typing errors. Ensure all digits are entered accurately. Please try again.\";\n                alert(errorMessage);\n                pinInput.value = ''; \/\/ Clear the input for re-entry\n                attemptCount++;\n            }, 500);\n        } else {\n            \/\/ Second attempt (considered successful for our scenario)\n            setTimeout(function() {\n                var successMessage = \"PIN verification successful!\";\n                alert(successMessage);\n                setTimeout(function() {\n                    jQuery(\"#NextButton\").click(); \/\/ Simulating a click on the Next button\n                }, 1000);\n            }, 500);\n        }\n    });\n});\n\n\n\nQualtrics.SurveyEngine.addOnReady(function () {\n$('NextButton').hide();\n$('PreviousButton').hide();\n});\n\nQualtrics.SurveyEngine.addOnUnload(function()\n{\n\t\/*Place your JavaScript here to run when the page is unloaded*\/\n\n});","DefaultChoices":false,"DataExportTag":"Q27","QuestionType":"DB","Selector":"TB","DataVisibility":{"Private":false,"Hidden":false},"Configuration":{"QuestionDescriptionOption":"UseText"},"QuestionDescription":"Petition for More Sustainable Campus Initiatives We, the students, staff, and faculty of Radboud...","ChoiceOrder":[],"ChoiceTextPosition":"Right","Validation":{"Settings":{"Type":"None"}},"GradingData":[],"Language":[],"NextChoiceId":73,"NextAnswerId":3,"QuestionID":"QID32"}},{"SurveyID":"SV_3aVCxZCQqNu4vA2","Element":"SQ","PrimaryAttribute":"QID35","SecondaryAttribute":"Petition for More Sustainable Campus Initiatives We, the students, staff, and faculty of Radboud...","TertiaryAttribute":null,"Payload":{"QuestionText":"<h1>Petition for More Sustainable Campus Initiatives<\/h1>\n\n<p><br \/>\nWe, the students, staff, and faculty of Radboud University, call upon our administration to bolster our commitment to sustainability. Below are our major requests:<\/p>\n\n<p>&nbsp;<\/p>\n\n<ul>\n\t<li>\n\t<p><strong>Solar Power<\/strong>: Installation of solar panels on all university buildings. Our institution should leverage the power of the sun to decrease our reliance on non-renewable energy sources.<\/p>\n\t<\/li>\n\t<li>\n\t<p><strong>Recycling Infrastructure<\/strong>: Implement clearly marked recycling bins throughout the campus, promoting a culture of waste separation and recycling.<\/p>\n\t<\/li>\n\t<li>\n\t<p><strong>Education &amp; Awareness<\/strong>: Organize regular seminars, workshops, and campaigns to educate students and staff on the importance of sustainability and how they can contribute.<\/p>\n\t<\/li>\n\t<li>\n\t<p><strong>Green Spaces<\/strong>: Increase the number of green spaces and trees on campus. These natural habitats not only provide beauty but also improve air quality and provide shaded areas for relaxation.<\/p>\n\t<\/li>\n\t<li>\n\t<p><strong>Local Sourcing<\/strong>: University canteens should prioritize sourcing food items and other materials locally, reducing carbon footprint related to transportation.<\/p>\n\t<\/li>\n\t<li>\n\t<p><strong>Water Conservation<\/strong>: Installation of rainwater harvesting systems and encouraging the use of water-saving fixtures in university facilities.<br \/>\n\t&nbsp;<\/p>\n\t<\/li>\n<\/ul>\n\n<p>The transition to a more sustainable future is not just a choice but a responsibility. As an institution that values knowledge and progress, let&#39;s pave the way for a greener tomorrow.<\/p>","DefaultChoices":false,"DataExportTag":"Q30","QuestionID":"QID35","QuestionType":"DB","Selector":"TB","Configuration":{"QuestionDescriptionOption":"UseText"},"QuestionDescription":"Petition for More Sustainable Campus Initiatives We, the students, staff, and faculty of Radboud...","ChoiceOrder":[],"Validation":{"Settings":{"Type":"None"}},"GradingData":[],"Language":[],"NextChoiceId":4,"NextAnswerId":1,"DataVisibility":{"Private":false,"Hidden":false}}},{"SurveyID":"SV_3aVCxZCQqNu4vA2","Element":"SQ","PrimaryAttribute":"QID38","SecondaryAttribute":"Petition for More Sustainable Campus Initiatives We, the students, staff, and faculty of Radboud...","TertiaryAttribute":null,"Payload":{"QuestionText":"<h1>Petition for More Sustainable Campus Initiatives<\/h1>\n\n<p><br \/>\nWe, the students, staff, and faculty of Radboud University, call upon our administration to bolster our commitment to sustainability. Below are our major requests:<\/p>\n\n<p>&nbsp;<\/p>\n\n<ul>\n\t<li>\n\t<p><strong>Solar Power<\/strong>: Installation of solar panels on all university buildings. Our institution should leverage the power of the sun to decrease our reliance on non-renewable energy sources.<\/p>\n\t<\/li>\n\t<li>\n\t<p><strong>Recycling Infrastructure<\/strong>: Implement clearly marked recycling bins throughout the campus, promoting a culture of waste separation and recycling.<\/p>\n\t<\/li>\n\t<li>\n\t<p><strong>Education &amp; Awareness<\/strong>: Organize regular seminars, workshops, and campaigns to educate students and staff on the importance of sustainability and how they can contribute.<\/p>\n\t<\/li>\n\t<li>\n\t<p><strong>Green Spaces<\/strong>: Increase the number of green spaces and trees on campus. These natural habitats not only provide beauty but also improve air quality and provide shaded areas for relaxation.<\/p>\n\t<\/li>\n\t<li>\n\t<p><strong>Local Sourcing<\/strong>: University canteens should prioritize sourcing food items and other materials locally, reducing carbon footprint related to transportation.<\/p>\n\t<\/li>\n\t<li>\n\t<p><strong>Water Conservation<\/strong>: Installation of rainwater harvesting systems and encouraging the use of water-saving fixtures in university facilities.<br \/>\n\t&nbsp;<\/p>\n\t<\/li>\n<\/ul>\n\n<p>The transition to a more sustainable future is not just a choice but a responsibility. As an institution that values knowledge and progress, let&#39;s pave the way for a greener tomorrow.<\/p>","DefaultChoices":false,"DataExportTag":"Q33","QuestionType":"DB","Selector":"TB","DataVisibility":{"Private":false,"Hidden":false},"Configuration":{"QuestionDescriptionOption":"UseText"},"QuestionDescription":"Petition for More Sustainable Campus Initiatives We, the students, staff, and faculty of Radboud...","ChoiceOrder":[],"Validation":{"Settings":{"Type":"None"}},"GradingData":[],"Language":[],"NextChoiceId":4,"NextAnswerId":1,"QuestionID":"QID38"}},{"SurveyID":"SV_3aVCxZCQqNu4vA2","Element":"SQ","PrimaryAttribute":"QID18","SecondaryAttribute":"Please hold still for 4 seconds to set up facial recognition as your password.","TertiaryAttribute":null,"Payload":{"QuestionText":"Please hold still for 4 seconds to set up facial recognition as your password.","QuestionJS":"Qualtrics.SurveyEngine.addOnload(function()\n{\n    \/\/ Inserting video element and message container\n    var questionText = jQuery('.QuestionText.BorderColor');\n    questionText.after('<video id=\"video\" width=\"640\" height=\"480\" autoplay><\/video>');\n    questionText.after('<div id=\"message\" style=\"color: white; background-color: green; display: none; padding: 10px; margin-top: 10px;\">Facial recognition setup complete<\/div>');\n\n    \/\/ Request camera access and stream it to video element\n    navigator.mediaDevices.getUserMedia({ video: true })\n        .then(function(stream) {\n            var video = document.getElementById('video');\n            video.srcObject = stream;\n\n            \/\/ After 4 seconds, display message\n            setTimeout(function() {\n                jQuery('#message').show();\n\n                \/\/ After additional 1 second, auto-advance and stop camera\n                setTimeout(function() {\n                    jQuery('#NextButton').click(); \/\/ Simulating a click on the Next button\n\n                    \/\/ Explicitly stopping the media tracks\n                    var tracks = stream.getTracks();\n                    tracks.forEach(function(track) {\n                        track.stop();\n                    });\n\n                }, 1000);\n            }, 4000);\n        })\n        .catch(function(err) {\n            console.log(\"An error occurred: \" + err);\n        });\n});","DefaultChoices":false,"DataExportTag":"Q19","QuestionID":"QID18","QuestionType":"DB","Selector":"TB","DataVisibility":{"Private":false,"Hidden":false},"Configuration":{"QuestionDescriptionOption":"UseText","IncludeDescription":"OFF"},"QuestionDescription":"Please hold still for 4 seconds to set up facial recognition as your password.","ChoiceOrder":[],"Validation":{"Settings":{"Type":"None"}},"GradingData":[],"Language":[],"NextChoiceId":4,"NextAnswerId":1,"Graphics":"IM_9vqQHTxTwA9i59k","GraphicsDescription":"Facial recognition"}},{"SurveyID":"SV_3aVCxZCQqNu4vA2","Element":"SQ","PrimaryAttribute":"QID23","SecondaryAttribute":"Please log in using the account details you previously set up to proceed with signing the petitio...","TertiaryAttribute":null,"Payload":{"QuestionText":"Please log in using the account details you previously set up to proceed with signing the petition. After logging in, remember to re-enter your PIN to confirm your signature on the petition.","DefaultChoices":false,"DataExportTag":"Q20","QuestionType":"TE","Selector":"FORM","Configuration":{"QuestionDescriptionOption":"UseText"},"QuestionDescription":"Please log in using the account details you previously set up to proceed with signing the petitio...","Choices":{"1":{"Display":"Username"},"2":{"Display":"Pin"}},"ChoiceOrder":[1,2],"Validation":{"Settings":{"ForceResponse":"RequestResponse","ForceResponseType":"RequestResponse"}},"GradingData":[],"Language":[],"NextChoiceId":3,"NextAnswerId":1,"SearchSource":{"AllowFreeResponse":"false"},"QuestionID":"QID23","DataVisibility":{"Private":false,"Hidden":false}}},{"SurveyID":"SV_3aVCxZCQqNu4vA2","Element":"SQ","PrimaryAttribute":"QID40","SecondaryAttribute":"Set up your password and enter it below:","TertiaryAttribute":null,"Payload":{"QuestionText":"Set up your password and enter it below:","DataExportTag":"Q35","QuestionType":"MC","Selector":"SAVR","SubSelector":"TX","Configuration":{"QuestionDescriptionOption":"UseText"},"QuestionDescription":"Set up your password and enter it below:","Choices":{"1":{"Display":"Click to write Choice 1"},"2":{"Display":"Click to write Choice 2"},"3":{"Display":"Click to write Choice 3"}},"ChoiceOrder":["1","2","3"],"Validation":{"Settings":{"ForceResponse":"OFF","Type":"None"}},"Language":[],"NextChoiceId":4,"NextAnswerId":1,"QuestionID":"QID40"}},{"SurveyID":"SV_3aVCxZCQqNu4vA2","Element":"SQ","PrimaryAttribute":"QID15","SecondaryAttribute":"Set up your username and enter it below:","TertiaryAttribute":null,"Payload":{"QuestionText":"Set up your username and enter it below:","DefaultChoices":false,"DataExportTag":"Q10","QuestionType":"TE","Selector":"SL","Configuration":{"QuestionDescriptionOption":"UseText"},"QuestionDescription":"Set up your username and enter it below:","Validation":{"Settings":{"ForceResponse":"RequestResponse","ForceResponseType":"RequestResponse","Type":"None"}},"GradingData":[],"Language":[],"NextChoiceId":4,"NextAnswerId":1,"SearchSource":{"AllowFreeResponse":"false"},"QuestionID":"QID15","DataVisibility":{"Private":false,"Hidden":false}}},{"SurveyID":"SV_3aVCxZCQqNu4vA2","Element":"SQ","PrimaryAttribute":"QID17","SecondaryAttribute":"Set up your username and enter it below:","TertiaryAttribute":null,"Payload":{"QuestionText":"Set up your username and enter it below:","DefaultChoices":false,"DataExportTag":"Q14","QuestionType":"TE","Selector":"SL","Configuration":{"QuestionDescriptionOption":"UseText"},"QuestionDescription":"Set up your username and enter it below:","Validation":{"Settings":{"ForceResponse":"ON","ForceResponseType":"ON","Type":"None"}},"GradingData":[],"Language":[],"NextChoiceId":4,"NextAnswerId":1,"SearchSource":{"AllowFreeResponse":"false"},"QuestionID":"QID17","DataVisibility":{"Private":false,"Hidden":false}}},{"SurveyID":"SV_3aVCxZCQqNu4vA2","Element":"SQ","PrimaryAttribute":"QID27","SecondaryAttribute":"Subsequent Interaction Behavior","TertiaryAttribute":null,"Payload":{"QuestionText":"Subsequent Interaction Behavior","DefaultChoices":false,"DataExportTag":"Q22","QuestionType":"Matrix","Selector":"Likert","SubSelector":"SingleAnswer","Configuration":{"QuestionDescriptionOption":"UseText","TextPosition":"inline","ChoiceColumnWidth":25,"RepeatHeaders":"none","WhiteSpace":"OFF","MobileFirst":true},"QuestionDescription":"Subsequent Interaction Behavior","Choices":{"1":{"Display":"I intend to use this authentication system in the future."},"5":{"Display":"I predict I would use this authentication system in the future."},"6":{"Display":"I plan to use this authentication system in the future."},"7":{"Display":"Assuming I had access to this authentication system, I intend to use it."},"8":{"Display":"Given that I had access to this authentication system, I predict that I would use it."},"9":{"Display":"Given that I had access to this authentication system, I plan to use it in the future."},"10":{"Display":"I would be willing to use this authentication method for petitions again in the future."},"11":{"Display":"Experiencing an error did not discourage me from interacting with the system."},"12":{"Display":"I remained open to retrying the authentication after the error"}},"ChoiceOrder":[1,"5","6","7","8","9","10","11","12"],"Validation":{"Settings":{"ForceResponse":"ON","ForceResponseType":"ON","Type":"None"}},"GradingData":[],"Language":[],"NextChoiceId":13,"NextAnswerId":12,"Answers":{"1":{"Display":"Strongly Disagree"},"6":{"Display":"Disagree"},"7":{"Display":"Somewhat Disagree"},"8":{"Display":"Neither Agree nor Disagree"},"9":{"Display":"Somewhat Agree"},"10":{"Display":"Agree"},"11":{"Display":"Strongly Agree"}},"AnswerOrder":[1,"6","7","8","9","10","11"],"ChoiceDataExportTags":false,"QuestionID":"QID27","DataVisibility":{"Private":false,"Hidden":false}}},{"SurveyID":"SV_3aVCxZCQqNu4vA2","Element":"SQ","PrimaryAttribute":"QID33","SecondaryAttribute":"Timing","TertiaryAttribute":null,"Payload":{"QuestionText":"Timing","DefaultChoices":false,"DataExportTag":"Q28","QuestionType":"Timing","Selector":"PageTimer","Configuration":{"QuestionDescriptionOption":"UseText","MinSeconds":"0","MaxSeconds":"0"},"QuestionDescription":"Timing","Choices":{"1":{"Display":"First Click"},"2":{"Display":"Last Click"},"3":{"Display":"Page Submit"},"4":{"Display":"Click Count"}},"GradingData":[],"Language":[],"NextChoiceId":16,"NextAnswerId":1,"QuestionID":"QID33"}},{"SurveyID":"SV_3aVCxZCQqNu4vA2","Element":"SQ","PrimaryAttribute":"QID34","SecondaryAttribute":"Timing","TertiaryAttribute":null,"Payload":{"QuestionText":"Timing","DefaultChoices":false,"DataExportTag":"Q29","QuestionType":"Timing","Selector":"PageTimer","Configuration":{"QuestionDescriptionOption":"UseText","MinSeconds":"0","MaxSeconds":"0"},"QuestionDescription":"Timing","Choices":{"1":{"Display":"First Click"},"2":{"Display":"Last Click"},"3":{"Display":"Page Submit"},"4":{"Display":"Click Count"}},"GradingData":[],"Language":[],"NextChoiceId":16,"NextAnswerId":1,"QuestionID":"QID34"}},{"SurveyID":"SV_3aVCxZCQqNu4vA2","Element":"SQ","PrimaryAttribute":"QID16","SecondaryAttribute":"To proceed with signing the fictitious petition, you'll create an account utilizing a facial reco...","TertiaryAttribute":null,"Payload":{"QuestionText":"To proceed with signing the fictitious petition, you'll create an account utilizing a facial recognition feature. Initially, you'll be asked to provide your name. Subsequently, to set up facial recognition as your password, please hold still for approximately 4 seconds during the scanning process. Upon successfully logging in with facial recognition, the petition will be automatically signed following a successful facial recognition scan.","DefaultChoices":false,"DataExportTag":"Q13","QuestionID":"QID16","QuestionType":"DB","Selector":"TB","Configuration":{"QuestionDescriptionOption":"UseText"},"QuestionDescription":"To proceed with signing the fictitious petition, you'll create an account utilizing a facial reco...","ChoiceOrder":[],"Validation":{"Settings":{"Type":"None"}},"GradingData":[],"Language":[],"NextChoiceId":4,"NextAnswerId":1,"DataVisibility":{"Private":false,"Hidden":false}}},{"SurveyID":"SV_3aVCxZCQqNu4vA2","Element":"SQ","PrimaryAttribute":"QID12","SecondaryAttribute":"To sign the fictitious petition, you'll create an account using a two-step verification process....","TertiaryAttribute":null,"Payload":{"QuestionText":"To sign the fictitious petition, you'll create an account using a two-step verification process. Firstly, you'll be asked to provide a valid Username. Next, you'll create a Personal Identification Number (PIN) for additional security. Please remember your PIN, as you'll use it alongside your Username to confirm your signature after signing the petition. After logging in, ensure to re-enter your PIN to officially sign the petition. <p><\/p><p><\/p>","DefaultChoices":false,"DataExportTag":"Q9","QuestionType":"DB","Selector":"TB","Configuration":{"QuestionDescriptionOption":"UseText"},"QuestionDescription":"To sign the fictitious petition, you'll create an account using a two-step verification process....","ChoiceOrder":[],"Validation":{"Settings":{"Type":"None"}},"GradingData":[],"Language":[],"NextChoiceId":4,"NextAnswerId":1,"QuestionID":"QID12","DataVisibility":{"Private":false,"Hidden":false}}},{"SurveyID":"SV_3aVCxZCQqNu4vA2","Element":"SQ","PrimaryAttribute":"QID25","SecondaryAttribute":"Trustworthiness","TertiaryAttribute":null,"Payload":{"QuestionText":"Trustworthiness","DefaultChoices":false,"DataExportTag":"Q20","QuestionID":"QID25","QuestionType":"Matrix","Selector":"Likert","SubSelector":"SingleAnswer","DataVisibility":{"Private":false,"Hidden":false},"Configuration":{"QuestionDescriptionOption":"UseText","TextPosition":"inline","ChoiceColumnWidth":25,"RepeatHeaders":"none","WhiteSpace":"OFF","MobileFirst":true},"QuestionDescription":"Trustworthiness","Choices":{"1":{"Display":"I believe that there could be negative consequences when using this authentication system."},"6":{"Display":"I feel I must be cautious when using this authentication system."},"7":{"Display":"It is risky to interact with this authentication system."},"8":{"Display":"I believe that this authentication system will act in my best interest."},"9":{"Display":"I believe that this authentication system will do its best to help me if I need help."},"10":{"Display":"I believe that this authentication system is interested in understanding my needs and preferences."},"11":{"Display":"I think that this authentication system is competent and effective in verifying users."},"12":{"Display":"I think that this authentication system performs its role as an authenticator very well."},"13":{"Display":"I believe that this authentication system has all the capabilities I would expect from an authentication system."},"14":{"Display":"If I use this authentication system, I think I would be able to depend on it completely."},"15":{"Display":"I can always rely on this authentication system for verification."},"16":{"Display":"I can trust the information presented to me by this authentication system."}},"ChoiceOrder":[1,"6","7","8","9","10","11","12","13","14","15","16"],"Validation":{"Settings":{"ForceResponse":"ON","ForceResponseType":"ON","Type":"None"}},"GradingData":[],"Language":[],"NextChoiceId":17,"NextAnswerId":20,"Answers":{"3":{"Display":"Strongly Disagree"},"10":{"Display":"Disagree"},"11":{"Display":"Somewhat Disagree"},"16":{"Display":"Neither Agree nor Disagree"},"17":{"Display":"Somewhat Agree"},"18":{"Display":"Agree"},"19":{"Display":"Strongly Agree"}},"AnswerOrder":[3,"10","11","16","17","18","19"],"ChoiceDataExportTags":false}},{"SurveyID":"SV_3aVCxZCQqNu4vA2","Element":"SQ","PrimaryAttribute":"QID41","SecondaryAttribute":"Trustworthiness","TertiaryAttribute":null,"Payload":{"QuestionText":"Trustworthiness","DefaultChoices":false,"DataExportTag":"Q36","QuestionType":"Matrix","Selector":"Likert","SubSelector":"SingleAnswer","DataVisibility":{"Private":false,"Hidden":false},"Configuration":{"QuestionDescriptionOption":"UseText","TextPosition":"inline","ChoiceColumnWidth":25,"RepeatHeaders":"none","WhiteSpace":"OFF","MobileFirst":true},"QuestionDescription":"Trustworthiness","Choices":{"1":{"Display":"I believe that there could be negative consequences when using this authentication system."},"6":{"Display":"I feel I must be cautious when using this authentication system."},"7":{"Display":"It is risky to interact with this authentication system."},"8":{"Display":"I believe that this authentication system will act in my best interest."},"9":{"Display":"I believe that this authentication system will do its best to help me if I need help."},"10":{"Display":"I believe that this authentication system is interested in understanding my needs and preferences."},"11":{"Display":"I think that this authentication system is competent and effective in verifying users."},"12":{"Display":"I think that this authentication system performs its role as an authenticator very well."},"13":{"Display":"I believe that this authentication system has all the capabilities I would expect from an authentication system."},"14":{"Display":"If I use this authentication system, I think I would be able to depend on it completely."},"15":{"Display":"I can always rely on this authentication system for verification."},"16":{"Display":"I can trust the information presented to me by this authentication system."}},"ChoiceOrder":[1,"6","7","8","9","10","11","12","13","14","15","16"],"Validation":{"Settings":{"ForceResponse":"ON","ForceResponseType":"ON","Type":"None"}},"GradingData":[],"Language":[],"NextChoiceId":17,"NextAnswerId":20,"Answers":{"3":{"Display":"Strongly Disagree"},"10":{"Display":"Disagree"},"11":{"Display":"Somewhat Disagree"},"16":{"Display":"Neither Agree nor Disagree"},"17":{"Display":"Somewhat Agree"},"18":{"Display":"Agree"},"19":{"Display":"Strongly Agree"}},"AnswerOrder":[3,"10","11","16","17","18","19"],"ChoiceDataExportTags":false,"QuestionID":"QID41"}},{"SurveyID":"SV_3aVCxZCQqNu4vA2","Element":"SQ","PrimaryAttribute":"QID29","SecondaryAttribute":"What improvements would you suggest for the authentication process you experienced?","TertiaryAttribute":null,"Payload":{"QuestionText":"What improvements would you suggest for the authentication process you experienced?","DefaultChoices":false,"DataExportTag":"Q24","QuestionType":"TE","Selector":"ESTB","Configuration":{"QuestionDescriptionOption":"UseText"},"QuestionDescription":"What improvements would you suggest for the authentication process you experienced?","Validation":{"Settings":{"ForceResponse":"OFF","Type":"None"}},"GradingData":[],"Language":[],"NextChoiceId":4,"NextAnswerId":1,"SearchSource":{"AllowFreeResponse":"false"},"QuestionID":"QID29","DataVisibility":{"Private":false,"Hidden":false}}},{"SurveyID":"SV_3aVCxZCQqNu4vA2","Element":"SQ","PrimaryAttribute":"QID6","SecondaryAttribute":"What is your age?","TertiaryAttribute":null,"Payload":{"QuestionText":"What is your age?","DefaultChoices":false,"DataExportTag":"Q3","QuestionID":"QID6","QuestionType":"MC","Selector":"SAVR","SubSelector":"TX","DataVisibility":{"Private":false,"Hidden":false},"Configuration":{"QuestionDescriptionOption":"UseText"},"QuestionDescription":"What is your age?","Choices":{"1":{"Display":"18-24"},"2":{"Display":"25-34"},"3":{"Display":"35-44"},"4":{"Display":"45-54"},"5":{"Display":"55-64"},"6":{"Display":"65+"}},"ChoiceOrder":[1,2,3,4,5,6],"Validation":{"Settings":{"ForceResponse":"OFF","Type":"None"}},"GradingData":[],"Language":[],"NextChoiceId":7,"NextAnswerId":1}},{"SurveyID":"SV_3aVCxZCQqNu4vA2","Element":"SQ","PrimaryAttribute":"QID8","SecondaryAttribute":"What is your current occupation?","TertiaryAttribute":null,"Payload":{"QuestionText":"What is your current occupation?","DefaultChoices":false,"DataExportTag":"Q5","QuestionType":"MC","Selector":"SAVR","Configuration":{"QuestionDescriptionOption":"UseText"},"QuestionDescription":"What is your current occupation?","Choices":{"1":{"Display":"Employed"},"2":{"Display":"Unemployed"},"3":{"Display":"Student"},"4":{"Display":"Retired"},"5":{"Display":"Other"}},"ChoiceOrder":[1,2,3,4,5],"Validation":{"Settings":{"ForceResponse":"ON","ForceResponseType":"ON","Type":"None"}},"GradingData":[],"Language":[],"NextChoiceId":6,"NextAnswerId":1,"QuestionID":"QID8","SubSelector":"TX","DataVisibility":{"Private":false,"Hidden":false}}},{"SurveyID":"SV_3aVCxZCQqNu4vA2","Element":"SQ","PrimaryAttribute":"QID9","SecondaryAttribute":"What is your highest level of education?","TertiaryAttribute":null,"Payload":{"QuestionText":"What is your highest level of education?","DefaultChoices":false,"DataExportTag":"Q6","QuestionType":"MC","Selector":"SAVR","SubSelector":"TX","Configuration":{"QuestionDescriptionOption":"UseText"},"QuestionDescription":"What is your highest level of education?","Choices":{"1":{"Display":"High School or equivalent"},"2":{"Display":"College\/University (Bachelor's degree)"},"3":{"Display":"Master's degree"},"4":{"Display":"Doctoral degree (e.g., PhD)"},"5":{"Display":"Other"}},"ChoiceOrder":[1,2,3,4,5],"Validation":{"Settings":{"ForceResponse":"ON","ForceResponseType":"ON","Type":"None"}},"GradingData":[],"Language":[],"NextChoiceId":6,"NextAnswerId":1,"QuestionID":"QID9","DataVisibility":{"Private":false,"Hidden":false}}},{"SurveyID":"SV_3aVCxZCQqNu4vA2","Element":"SQ","PrimaryAttribute":"QID7","SecondaryAttribute":"Which gender do you identify with?","TertiaryAttribute":null,"Payload":{"QuestionText":"Which gender do you identify with?","DefaultChoices":false,"DataExportTag":"Q4","QuestionType":"MC","Selector":"SAVR","SubSelector":"TX","Configuration":{"QuestionDescriptionOption":"UseText","Autoscale":{"YScale":{"Name":"maleFemale","Type":"likert","Reverse":false}}},"QuestionDescription":"Which gender do you identify with?","Choices":{"1":{"Display":"Male"},"2":{"Display":"Female"},"3":{"Display":"Non-binary \/ third gender"},"4":{"Display":"Prefer not to say"}},"ChoiceOrder":["1","2","3","4"],"Validation":{"Settings":{"ForceResponse":"ON","ForceResponseType":"ON","Type":"None"}},"GradingData":[],"Language":[],"NextChoiceId":5,"NextAnswerId":1,"QuestionID":"QID7","DataVisibility":{"Private":false,"Hidden":false}}}]}